hash: 6df65d2df0a49c8160a0999876b1633d5af66b35e1360c4868496c9a0683009b
updated: 2016-08-23T14:19:50.659237907-07:00
imports:
- name: github.com/coreos/etcd
  version: 9efa00d1030d4bf62eb8e5ec130023aeb1b8e2d0
  subpackages:
  - client
  - pkg/pathutil
  - pkg/types
- name: github.com/coreos/go-etcd
  version: 003851be7bb0694fe3cc457a49529a19388ee7cf
  subpackages:
  - etcd
- name: github.com/coreos/go-systemd
  version: d6c05a1dcbb5ac02b7653da4d99e5db340c20778
  subpackages:
  - activation
- name: github.com/gorilla/context
  version: 08b5f424b9271eedf6f9f0ce86cb9396ed337a42
- name: github.com/gorilla/handlers
  version: ee54c7b44cab12289237fb8631314790076e728b
- name: github.com/gorilla/mux
  version: 0eeaf8392f5b04950925b8a69fe70f110fa7cbfc
- name: github.com/rsc/devweb
  version: 29cc9e1b05561da928b582c78d1283ffeaa31f93
  subpackages:
  - slave
- name: github.com/ugorji/go
  version: 4a1cb5252a6951f715a85d0e4be334c2a2dbf2a2
  subpackages:
  - codec
- name: golang.org/x/net
  version: 7394c112eae4dba7e96bfcfe738e6373d61772b4
  subpackages:
  - context
testImports: []
